{
  "name": "@mannepalliharshavardhan/medium-blog",
  "version": "1.0.2",
  "lockfileVersion": 3,
  "requires": true,
  "packages": {
    "": {
      "name": "@mannepalliharshavardhan/medium-blog",
      "version": "1.0.2",
      "license": "ISC",
      "dependencies": {
        "@mannepalliharshavardhan/medium-blog": "^1.0.2",
        "zod": "^3.23.8"
      }
    },
    "node_modules/@mannepalliharshavardhan/medium-blog": {
      "version": "1.0.2",
      "resolved": "https://registry.npmjs.org/@mannepalliharshavardhan/medium-blog/-/medium-blog-1.0.2.tgz",
      "integrity": "sha512-ES17YnhWENZ1yz+s8sYi+SLcR1mV5mw23AYz0JCbSe3t6lsOQr2syT4Sfsx9s2fCst/BD0dnOvD4kQkPwXRx4g==",
      "dependencies": {
        "zod": "^3.23.8"
      }
    },
    "node_modules/zod": {
      "version": "3.23.8",
      "resolved": "https://registry.npmjs.org/zod/-/zod-3.23.8.tgz",
      "integrity": "sha512-XBx9AXhXktjUqnepgTiE5flcKIYWi/rme0Eaj+5Y0lftuGBq+jyRu/md4WnuxqgP1ubdpNCsYEYPxrzVHD8d6g==",
      "funding": {
        "url": "https://github.com/sponsors/colinhacks"
      }
    }
  }
}
